
Microsoft Visual Studio Solution File, Format Version 12.00
# Visual Studio 14
VisualStudioVersion = 14.0.25420.1
MinimumVisualStudioVersion = 10.0.40219.1
Project("{FAE04EC0-301F-11D3-BF4B-00C04F79EFBC}") = "Inheritence", "Inheritence\Inheritence.csproj", "{C571C55B-4F64-4459-80AD-B2A35F2E71E7}"
EndProject
Project("{FAE04EC0-301F-11D3-BF4B-00C04F79EFBC}") = "GenericNew", "Generic\GenericNew.csproj", "{1B133BB5-F3E4-44B4-B2D3-4AEDB085708C}"
EndProject
Project("{FAE04EC0-301F-11D3-BF4B-00C04F79EFBC}") = "EnumrationAndCompareable", "EnumrationAndCompareable\EnumrationAndCompareable.csproj", "{6A718F6C-44EB-428B-AE32-09DFD493EB5C}"
EndProject
Project("{FAE04EC0-301F-11D3-BF4B-00C04F79EFBC}") = "LINQ andLambda", "LINQ andLambda\LINQ andLambda.csproj", "{622C29DB-5A4D-4DCF-A287-4267C9A6989A}"
EndProject
Project("{FAE04EC0-301F-11D3-BF4B-00C04F79EFBC}") = "DeligateExp", "DeligateExp\DeligateExp.csproj", "{7AB7BECD-7B32-4F2D-915E-1DF46B8EEB31}"
EndProject
Project("{FAE04EC0-301F-11D3-BF4B-00C04F79EFBC}") = "AbstractClassAndInterface", "AbstractClassAndInterface\AbstractClassAndInterface.csproj", "{ABB5E8A5-2708-4B11-99ED-9A2AC509C0BE}"
EndProject
Project("{FAE04EC0-301F-11D3-BF4B-00C04F79EFBC}") = "UnitTests", "UnitTests\UnitTests.csproj", "{4286D552-6EAD-49F0-873E-EF3BD658A68E}"
EndProject
Global
	GlobalSection(SolutionConfigurationPlatforms) = preSolution
		Debug|Any CPU = Debug|Any CPU
		Release|Any CPU = Release|Any CPU
	EndGlobalSection
	GlobalSection(ProjectConfigurationPlatforms) = postSolution
		{C571C55B-4F64-4459-80AD-B2A35F2E71E7}.Debug|Any CPU.ActiveCfg = Debug|Any CPU
		{C571C55B-4F64-4459-80AD-B2A35F2E71E7}.Debug|Any CPU.Build.0 = Debug|Any CPU
		{C571C55B-4F64-4459-80AD-B2A35F2E71E7}.Release|Any CPU.ActiveCfg = Release|Any CPU
		{C571C55B-4F64-4459-80AD-B2A35F2E71E7}.Release|Any CPU.Build.0 = Release|Any CPU
		{1B133BB5-F3E4-44B4-B2D3-4AEDB085708C}.Debug|Any CPU.ActiveCfg = Debug|Any CPU
		{1B133BB5-F3E4-44B4-B2D3-4AEDB085708C}.Debug|Any CPU.Build.0 = Debug|Any CPU
		{1B133BB5-F3E4-44B4-B2D3-4AEDB085708C}.Release|Any CPU.ActiveCfg = Release|Any CPU
		{1B133BB5-F3E4-44B4-B2D3-4AEDB085708C}.Release|Any CPU.Build.0 = Release|Any CPU
		{6A718F6C-44EB-428B-AE32-09DFD493EB5C}.Debug|Any CPU.ActiveCfg = Debug|Any CPU
		{6A718F6C-44EB-428B-AE32-09DFD493EB5C}.Debug|Any CPU.Build.0 = Debug|Any CPU
		{6A718F6C-44EB-428B-AE32-09DFD493EB5C}.Release|Any CPU.ActiveCfg = Release|Any CPU
		{6A718F6C-44EB-428B-AE32-09DFD493EB5C}.Release|Any CPU.Build.0 = Release|Any CPU
		{622C29DB-5A4D-4DCF-A287-4267C9A6989A}.Debug|Any CPU.ActiveCfg = Debug|Any CPU
		{622C29DB-5A4D-4DCF-A287-4267C9A6989A}.Debug|Any CPU.Build.0 = Debug|Any CPU
		{622C29DB-5A4D-4DCF-A287-4267C9A6989A}.Release|Any CPU.ActiveCfg = Release|Any CPU
		{622C29DB-5A4D-4DCF-A287-4267C9A6989A}.Release|Any CPU.Build.0 = Release|Any CPU
		{7AB7BECD-7B32-4F2D-915E-1DF46B8EEB31}.Debug|Any CPU.ActiveCfg = Debug|Any CPU
		{7AB7BECD-7B32-4F2D-915E-1DF46B8EEB31}.Debug|Any CPU.Build.0 = Debug|Any CPU
		{7AB7BECD-7B32-4F2D-915E-1DF46B8EEB31}.Release|Any CPU.ActiveCfg = Release|Any CPU
		{7AB7BECD-7B32-4F2D-915E-1DF46B8EEB31}.Release|Any CPU.Build.0 = Release|Any CPU
		{ABB5E8A5-2708-4B11-99ED-9A2AC509C0BE}.Debug|Any CPU.ActiveCfg = Debug|Any CPU
		{ABB5E8A5-2708-4B11-99ED-9A2AC509C0BE}.Debug|Any CPU.Build.0 = Debug|Any CPU
		{ABB5E8A5-2708-4B11-99ED-9A2AC509C0BE}.Release|Any CPU.ActiveCfg = Release|Any CPU
		{ABB5E8A5-2708-4B11-99ED-9A2AC509C0BE}.Release|Any CPU.Build.0 = Release|Any CPU
		{4286D552-6EAD-49F0-873E-EF3BD658A68E}.Debug|Any CPU.ActiveCfg = Debug|Any CPU
		{4286D552-6EAD-49F0-873E-EF3BD658A68E}.Debug|Any CPU.Build.0 = Debug|Any CPU
		{4286D552-6EAD-49F0-873E-EF3BD658A68E}.Release|Any CPU.ActiveCfg = Release|Any CPU
		{4286D552-6EAD-49F0-873E-EF3BD658A68E}.Release|Any CPU.Build.0 = Release|Any CPU
	EndGlobalSection
	GlobalSection(SolutionProperties) = preSolution
		HideSolutionNode = FALSE
	EndGlobalSection
EndGlobal
